{
    "name": "developers-dojo",
    "version": "0.1.6",
    "lockfileVersion": 2,
    "requires": true,
    "packages": {
        "": {
            "name": "developers-dojo",
            "version": "0.1.6",
            "license": "MIT",
            "engines": {
                "vscode": "^1.62.0"
            }
        }
    }
}
